
Microsoft Visual Studio Solution File, Format Version 12.00
# Visual Studio 15
VisualStudioVersion = 15.0.27428.2037
MinimumVisualStudioVersion = 10.0.40219.1
Project("{FAE04EC0-301F-11D3-BF4B-00C04F79EFBC}") = "ARSoft.Tools.Net", "ARSoft.Tools.Net\ARSoft.Tools.Net.csproj", "{33118B15-0A8F-4FD7-BA0E-53519FFF4ACB}"
EndProject
Global
	GlobalSection(SolutionConfigurationPlatforms) = preSolution
		Debug|Any CPU = Debug|Any CPU
		Release|Any CPU = Release|Any CPU
	EndGlobalSection
	GlobalSection(ProjectConfigurationPlatforms) = postSolution
		{33118B15-0A8F-4FD7-BA0E-53519FFF4ACB}.Debug|Any CPU.ActiveCfg = Debug|Any CPU
		{33118B15-0A8F-4FD7-BA0E-53519FFF4ACB}.Debug|Any CPU.Build.0 = Debug|Any CPU
		{33118B15-0A8F-4FD7-BA0E-53519FFF4ACB}.Release|Any CPU.ActiveCfg = Release|Any CPU
		{33118B15-0A8F-4FD7-BA0E-53519FFF4ACB}.Release|Any CPU.Build.0 = Release|Any CPU
	EndGlobalSection
	GlobalSection(SolutionProperties) = preSolution
		HideSolutionNode = FALSE
	EndGlobalSection
	GlobalSection(ExtensibilityGlobals) = postSolution
		SolutionGuid = {BEED70BD-DF37-48F3-B991-BC190AC383A2}
	EndGlobalSection
EndGlobal
